
Microsoft Visual Studio Solution File, Format Version 12.00
# Visual Studio Version 16
VisualStudioVersion = 16.0.31025.194
MinimumVisualStudioVersion = 10.0.40219.1
Project("{FAE04EC0-301F-11D3-BF4B-00C04F79EFBC}") = "basitCaptcha", "basitCaptcha.csproj", "{64A21F67-8A13-4A2F-857C-ABF7215C1844}"
EndProject
Global
	GlobalSection(SolutionConfigurationPlatforms) = preSolution
		Debug|Any CPU = Debug|Any CPU
		Release|Any CPU = Release|Any CPU
	EndGlobalSection
	GlobalSection(ProjectConfigurationPlatforms) = postSolution
		{64A21F67-8A13-4A2F-857C-ABF7215C1844}.Debug|Any CPU.ActiveCfg = Debug|Any CPU
		{64A21F67-8A13-4A2F-857C-ABF7215C1844}.Debug|Any CPU.Build.0 = Debug|Any CPU
		{64A21F67-8A13-4A2F-857C-ABF7215C1844}.Release|Any CPU.ActiveCfg = Release|Any CPU
		{64A21F67-8A13-4A2F-857C-ABF7215C1844}.Release|Any CPU.Build.0 = Release|Any CPU
	EndGlobalSection
	GlobalSection(SolutionProperties) = preSolution
		HideSolutionNode = FALSE
	EndGlobalSection
	GlobalSection(ExtensibilityGlobals) = postSolution
		SolutionGuid = {55ADE8C5-1851-4278-950A-D17EC991CC80}
	EndGlobalSection
EndGlobal
